
Microsoft Visual Studio Solution File, Format Version 12.00
# Visual Studio Version 16
VisualStudioVersion = 16.0.30309.148
MinimumVisualStudioVersion = 10.0.40219.1
Project("{9A19103F-16F7-4668-BE54-9A1E7A4F7556}") = "ZooManagementSystemAsync.CLI", "ZooManagementSystemAsync.CLI\ZooManagementSystemAsync.CLI.csproj", "{D8425A18-8A68-4AE3-B30B-D57949E88722}"
EndProject
Project("{9A19103F-16F7-4668-BE54-9A1E7A4F7556}") = "ZooManagementSystemAsync.Models", "ZooManagementSystemAsync.Models\ZooManagementSystemAsync.Models.csproj", "{8E8C773F-AB5F-4A59-8AB5-203FD02EE9B7}"
EndProject
Global
	GlobalSection(SolutionConfigurationPlatforms) = preSolution
		Debug|Any CPU = Debug|Any CPU
		Release|Any CPU = Release|Any CPU
	EndGlobalSection
	GlobalSection(ProjectConfigurationPlatforms) = postSolution
		{D8425A18-8A68-4AE3-B30B-D57949E88722}.Debug|Any CPU.ActiveCfg = Debug|Any CPU
		{D8425A18-8A68-4AE3-B30B-D57949E88722}.Debug|Any CPU.Build.0 = Debug|Any CPU
		{D8425A18-8A68-4AE3-B30B-D57949E88722}.Release|Any CPU.ActiveCfg = Release|Any CPU
		{D8425A18-8A68-4AE3-B30B-D57949E88722}.Release|Any CPU.Build.0 = Release|Any CPU
		{8E8C773F-AB5F-4A59-8AB5-203FD02EE9B7}.Debug|Any CPU.ActiveCfg = Debug|Any CPU
		{8E8C773F-AB5F-4A59-8AB5-203FD02EE9B7}.Debug|Any CPU.Build.0 = Debug|Any CPU
		{8E8C773F-AB5F-4A59-8AB5-203FD02EE9B7}.Release|Any CPU.ActiveCfg = Release|Any CPU
		{8E8C773F-AB5F-4A59-8AB5-203FD02EE9B7}.Release|Any CPU.Build.0 = Release|Any CPU
	EndGlobalSection
	GlobalSection(SolutionProperties) = preSolution
		HideSolutionNode = FALSE
	EndGlobalSection
	GlobalSection(ExtensibilityGlobals) = postSolution
		SolutionGuid = {ED264ED9-45A1-4BCF-A247-8E80C3F6EC21}
	EndGlobalSection
EndGlobal
